// !$*UTF8*$!
{
	archiveVersion = 1;
	classes = {
	};
	objectVersion = 55;
	objects = {

/* Begin PBXBuildFile section */
		7010FF102836C01600262B0E /* AppDelegate.swift in Sources */ = {isa = PBXBuildFile; fileRef = 7010FF0F2836C01600262B0E /* AppDelegate.swift */; };
		7010FF122836C01600262B0E /* SceneDelegate.swift in Sources */ = {isa = PBXBuildFile; fileRef = 7010FF112836C01600262B0E /* SceneDelegate.swift */; };
		7010FF172836C01600262B0E /* Main.storyboard in Resources */ = {isa = PBXBuildFile; fileRef = 7010FF152836C01600262B0E /* Main.storyboard */; };
		7010FF192836C01B00262B0E /* Assets.xcassets in Resources */ = {isa = PBXBuildFile; fileRef = 7010FF182836C01B00262B0E /* Assets.xcassets */; };
		7010FF1C2836C01B00262B0E /* LaunchScreen.storyboard in Resources */ = {isa = PBXBuildFile; fileRef = 7010FF1A2836C01B00262B0E /* LaunchScreen.storyboard */; };
		7010FF242836C6FC00262B0E /* CategoryTableViewController.swift in Sources */ = {isa = PBXBuildFile; fileRef = 7010FF232836C6FC00262B0E /* CategoryTableViewController.swift */; };
		7010FF262836C70E00262B0E /* MenuTableViewController.swift in Sources */ = {isa = PBXBuildFile; fileRef = 7010FF252836C70E00262B0E /* MenuTableViewController.swift */; };
		7010FF282836C71C00262B0E /* OrderTableViewController.swift in Sources */ = {isa = PBXBuildFile; fileRef = 7010FF272836C71C00262B0E /* OrderTableViewController.swift */; };
		7010FF2A2836C92400262B0E /* MenuItemDetailViewController.swift in Sources */ = {isa = PBXBuildFile; fileRef = 7010FF292836C92400262B0E /* MenuItemDetailViewController.swift */; };
		7010FF2C2836CACC00262B0E /* MenuItem.swift in Sources */ = {isa = PBXBuildFile; fileRef = 7010FF2B2836CACC00262B0E /* MenuItem.swift */; };
		7010FF302836CDBF00262B0E /* Order.swift in Sources */ = {isa = PBXBuildFile; fileRef = 7010FF2F2836CDBF00262B0E /* Order.swift */; };
		7010FF322836D09100262B0E /* MenuController.swift in Sources */ = {isa = PBXBuildFile; fileRef = 7010FF312836D09100262B0E /* MenuController.swift */; };
		706BCD76283C746500023691 /* ResponseModels.swift in Sources */ = {isa = PBXBuildFile; fileRef = 706BCD75283C746500023691 /* ResponseModels.swift */; };
		706C0E31283843FF003CB4B9 /* Restoration.swift in Sources */ = {isa = PBXBuildFile; fileRef = 706C0E30283843FF003CB4B9 /* Restoration.swift */; };
		708ACA1928374C7600F99645 /* OrderConfirmationViewController.swift in Sources */ = {isa = PBXBuildFile; fileRef = 708ACA1828374C7600F99645 /* OrderConfirmationViewController.swift */; };
		708ACA1B2837EDA600F99645 /* MenuItemCell.swift in Sources */ = {isa = PBXBuildFile; fileRef = 708ACA1A2837EDA600F99645 /* MenuItemCell.swift */; };
/* End PBXBuildFile section */

/* Begin PBXFileReference section */
		7010FF0C2836C01600262B0E /* OrderApp.app */ = {isa = PBXFileReference; explicitFileType = wrapper.application; includeInIndex = 0; path = OrderApp.app; sourceTree = BUILT_PRODUCTS_DIR; };
		7010FF0F2836C01600262B0E /* AppDelegate.swift */ = {isa = PBXFileReference; lastKnownFileType = sourcecode.swift; path = AppDelegate.swift; sourceTree = "<group>"; };
		7010FF112836C01600262B0E /* SceneDelegate.swift */ = {isa = PBXFileReference; lastKnownFileType = sourcecode.swift; path = SceneDelegate.swift; sourceTree = "<group>"; };
		7010FF162836C01600262B0E /* Base */ = {isa = PBXFileReference; lastKnownFileType = file.storyboard; name = Base; path = Base.lproj/Main.storyboard; sourceTree = "<group>"; };
		7010FF182836C01B00262B0E /* Assets.xcassets */ = {isa = PBXFileReference; lastKnownFileType = folder.assetcatalog; path = Assets.xcassets; sourceTree = "<group>"; };
		7010FF1B2836C01B00262B0E /* Base */ = {isa = PBXFileReference; lastKnownFileType = file.storyboard; name = Base; path = Base.lproj/LaunchScreen.storyboard; sourceTree = "<group>"; };
		7010FF1D2836C01B00262B0E /* Info.plist */ = {isa = PBXFileReference; lastKnownFileType = text.plist.xml; path = Info.plist; sourceTree = "<group>"; };
		7010FF232836C6FC00262B0E /* CategoryTableViewController.swift */ = {isa = PBXFileReference; lastKnownFileType = sourcecode.swift; path = CategoryTableViewController.swift; sourceTree = "<group>"; };
		7010FF252836C70E00262B0E /* MenuTableViewController.swift */ = {isa = PBXFileReference; lastKnownFileType = sourcecode.swift; path = MenuTableViewController.swift; sourceTree = "<group>"; };
		7010FF272836C71C00262B0E /* OrderTableViewController.swift */ = {isa = PBXFileReference; lastKnownFileType = sourcecode.swift; path = OrderTableViewController.swift; sourceTree = "<group>"; };
		7010FF292836C92400262B0E /* MenuItemDetailViewController.swift */ = {isa = PBXFileReference; lastKnownFileType = sourcecode.swift; path = MenuItemDetailViewController.swift; sourceTree = "<group>"; };
		7010FF2B2836CACC00262B0E /* MenuItem.swift */ = {isa = PBXFileReference; lastKnownFileType = sourcecode.swift; path = MenuItem.swift; sourceTree = "<group>"; };
		7010FF2F2836CDBF00262B0E /* Order.swift */ = {isa = PBXFileReference; lastKnownFileType = sourcecode.swift; path = Order.swift; sourceTree = "<group>"; };
		7010FF312836D09100262B0E /* MenuController.swift */ = {isa = PBXFileReference; lastKnownFileType = sourcecode.swift; path = MenuController.swift; sourceTree = "<group>"; };
		706BCD75283C746500023691 /* ResponseModels.swift */ = {isa = PBXFileReference; lastKnownFileType = sourcecode.swift; path = ResponseModels.swift; sourceTree = "<group>"; };
		706C0E30283843FF003CB4B9 /* Restoration.swift */ = {isa = PBXFileReference; lastKnownFileType = sourcecode.swift; path = Restoration.swift; sourceTree = "<group>"; };
		708ACA1828374C7600F99645 /* OrderConfirmationViewController.swift */ = {isa = PBXFileReference; lastKnownFileType = sourcecode.swift; path = OrderConfirmationViewController.swift; sourceTree = "<group>"; };
		708ACA1A2837EDA600F99645 /* MenuItemCell.swift */ = {isa = PBXFileReference; lastKnownFileType = sourcecode.swift; path = MenuItemCell.swift; sourceTree = "<group>"; };
/* End PBXFileReference section */

/* Begin PBXFrameworksBuildPhase section */
		7010FF092836C01600262B0E /* Frameworks */ = {
			isa = PBXFrameworksBuildPhase;
			buildActionMask = 2147483647;
			files = (
			);
			runOnlyForDeploymentPostprocessing = 0;
		};
/* End PBXFrameworksBuildPhase section */

/* Begin PBXGroup section */
		7010FF032836C01600262B0E = {
			isa = PBXGroup;
			children = (
				7010FF0E2836C01600262B0E /* OrderApp */,
				7010FF0D2836C01600262B0E /* Products */,
			);
			sourceTree = "<group>";
		};
		7010FF0D2836C01600262B0E /* Products */ = {
			isa = PBXGroup;
			children = (
				7010FF0C2836C01600262B0E /* OrderApp.app */,
			);
			name = Products;
			sourceTree = "<group>";
		};
		7010FF0E2836C01600262B0E /* OrderApp */ = {
			isa = PBXGroup;
			children = (
				706BCD73283C696000023691 /* Models */,
				706BCD74283C69DA00023691 /* Views */,
				706BCD72283C690100023691 /* Controllers */,
				706BCD71283C68C700023691 /* Supporting Files */,
				7010FF152836C01600262B0E /* Main.storyboard */,
				7010FF1D2836C01B00262B0E /* Info.plist */,
			);
			path = OrderApp;
			sourceTree = "<group>";
		};
		706BCD71283C68C700023691 /* Supporting Files */ = {
			isa = PBXGroup;
			children = (
				7010FF112836C01600262B0E /* SceneDelegate.swift */,
				7010FF0F2836C01600262B0E /* AppDelegate.swift */,
				7010FF1A2836C01B00262B0E /* LaunchScreen.storyboard */,
				7010FF182836C01B00262B0E /* Assets.xcassets */,
			);
			path = "Supporting Files";
			sourceTree = "<group>";
		};
		706BCD72283C690100023691 /* Controllers */ = {
			isa = PBXGroup;
			children = (
				7010FF232836C6FC00262B0E /* CategoryTableViewController.swift */,
				7010FF312836D09100262B0E /* MenuController.swift */,
				7010FF252836C70E00262B0E /* MenuTableViewController.swift */,
				7010FF292836C92400262B0E /* MenuItemDetailViewController.swift */,
				7010FF272836C71C00262B0E /* OrderTableViewController.swift */,
				708ACA1828374C7600F99645 /* OrderConfirmationViewController.swift */,
			);
			path = Controllers;
			sourceTree = "<group>";
		};
		706BCD73283C696000023691 /* Models */ = {
			isa = PBXGroup;
			children = (
				7010FF2B2836CACC00262B0E /* MenuItem.swift */,
				7010FF2F2836CDBF00262B0E /* Order.swift */,
				706C0E30283843FF003CB4B9 /* Restoration.swift */,
				706BCD75283C746500023691 /* ResponseModels.swift */,
			);
			path = Models;
			sourceTree = "<group>";
		};
		706BCD74283C69DA00023691 /* Views */ = {
			isa = PBXGroup;
			children = (
				708ACA1A2837EDA600F99645 /* MenuItemCell.swift */,
			);
			path = Views;
			sourceTree = "<group>";
		};
/* End PBXGroup section */

/* Begin PBXNativeTarget section */
		7010FF0B2836C01600262B0E /* OrderApp */ = {
			isa = PBXNativeTarget;
			buildConfigurationList = 7010FF202836C01B00262B0E /* Build configuration list for PBXNativeTarget "OrderApp" */;
			buildPhases = (
				7010FF082836C01600262B0E /* Sources */,
				7010FF092836C01600262B0E /* Frameworks */,
				7010FF0A2836C01600262B0E /* Resources */,
			);
			buildRules = (
			);
			dependencies = (
			);
			name = OrderApp;
			productName = OrderApp;
			productReference = 7010FF0C2836C01600262B0E /* OrderApp.app */;
			productType = "com.apple.product-type.application";
		};
/* End PBXNativeTarget section */

/* Begin PBXProject section */
		7010FF042836C01600262B0E /* Project object */ = {
			isa = PBXProject;
			attributes = {
				BuildIndependentTargetsInParallel = 1;
				LastSwiftUpdateCheck = 1330;
				LastUpgradeCheck = 1330;
				TargetAttributes = {
					7010FF0B2836C01600262B0E = {
						CreatedOnToolsVersion = 13.3.1;
					};
				};
			};
			buildConfigurationList = 7010FF072836C01600262B0E /* Build configuration list for PBXProject "OrderApp" */;
			compatibilityVersion = "Xcode 13.0";
			developmentRegion = en;
			hasScannedForEncodings = 0;
			knownRegions = (
				en,
				Base,
			);
			mainGroup = 7010FF032836C01600262B0E;
			productRefGroup = 7010FF0D2836C01600262B0E /* Products */;
			projectDirPath = "";
			projectRoot = "";
			targets = (
				7010FF0B2836C01600262B0E /* OrderApp */,
			);
		};
/* End PBXProject section */

/* Begin PBXResourcesBuildPhase section */
		7010FF0A2836C01600262B0E /* Resources */ = {
			isa = PBXResourcesBuildPhase;
			buildActionMask = 2147483647;
			files = (
				7010FF1C2836C01B00262B0E /* LaunchScreen.storyboard in Resources */,
				7010FF192836C01B00262B0E /* Assets.xcassets in Resources */,
				7010FF172836C01600262B0E /* Main.storyboard in Resources */,
			);
			runOnlyForDeploymentPostprocessing = 0;
		};
/* End PBXResourcesBuildPhase section */

/* Begin PBXSourcesBuildPhase section */
		7010FF082836C01600262B0E /* Sources */ = {
			isa = PBXSourcesBuildPhase;
			buildActionMask = 2147483647;
			files = (
				7010FF322836D09100262B0E /* MenuController.swift in Sources */,
				7010FF2C2836CACC00262B0E /* MenuItem.swift in Sources */,
				7010FF262836C70E00262B0E /* MenuTableViewController.swift in Sources */,
				7010FF302836CDBF00262B0E /* Order.swift in Sources */,
				7010FF2A2836C92400262B0E /* MenuItemDetailViewController.swift in Sources */,
				706BCD76283C746500023691 /* ResponseModels.swift in Sources */,
				7010FF282836C71C00262B0E /* OrderTableViewController.swift in Sources */,
				7010FF102836C01600262B0E /* AppDelegate.swift in Sources */,
				7010FF122836C01600262B0E /* SceneDelegate.swift in Sources */,
				708ACA1B2837EDA600F99645 /* MenuItemCell.swift in Sources */,
				706C0E31283843FF003CB4B9 /* Restoration.swift in Sources */,
				708ACA1928374C7600F99645 /* OrderConfirmationViewController.swift in Sources */,
				7010FF242836C6FC00262B0E /* CategoryTableViewController.swift in Sources */,
			);
			runOnlyForDeploymentPostprocessing = 0;
		};
/* End PBXSourcesBuildPhase section */

/* Begin PBXVariantGroup section */
		7010FF152836C01600262B0E /* Main.storyboard */ = {
			isa = PBXVariantGroup;
			children = (
				7010FF162836C01600262B0E /* Base */,
			);
			name = Main.storyboard;
			sourceTree = "<group>";
		};
		7010FF1A2836C01B00262B0E /* LaunchScreen.storyboard */ = {
			isa = PBXVariantGroup;
			children = (
				7010FF1B2836C01B00262B0E /* Base */,
			);
			name = LaunchScreen.storyboard;
			sourceTree = "<group>";
		};
/* End PBXVariantGroup section */

/* Begin XCBuildConfiguration section */
		7010FF1E2836C01B00262B0E /* Debug */ = {
			isa = XCBuildConfiguration;
			buildSettings = {
				ALWAYS_SEARCH_USER_PATHS = NO;
				CLANG_ANALYZER_NONNULL = YES;
				CLANG_ANALYZER_NUMBER_OBJECT_CONVERSION = YES_AGGRESSIVE;
				CLANG_CXX_LANGUAGE_STANDARD = "gnu++17";
				CLANG_ENABLE_MODULES = YES;
				CLANG_ENABLE_OBJC_ARC = YES;
				CLANG_ENABLE_OBJC_WEAK = YES;
				CLANG_WARN_BLOCK_CAPTURE_AUTORELEASING = YES;
				CLANG_WARN_BOOL_CONVERSION = YES;
				CLANG_WARN_COMMA = YES;
				CLANG_WARN_CONSTANT_CONVERSION = YES;
				CLANG_WARN_DEPRECATED_OBJC_IMPLEMENTATIONS = YES;
				CLANG_WARN_DIRECT_OBJC_ISA_USAGE = YES_ERROR;
				CLANG_WARN_DOCUMENTATION_COMMENTS = YES;
				CLANG_WARN_EMPTY_BODY = YES;
				CLANG_WARN_ENUM_CONVERSION = YES;
				CLANG_WARN_INFINITE_RECURSION = YES;
				CLANG_WARN_INT_CONVERSION = YES;
				CLANG_WARN_NON_LITERAL_NULL_CONVERSION = YES;
				CLANG_WARN_OBJC_IMPLICIT_RETAIN_SELF = YES;
				CLANG_WARN_OBJC_LITERAL_CONVERSION = YES;
				CLANG_WARN_OBJC_ROOT_CLASS = YES_ERROR;
				CLANG_WARN_QUOTED_INCLUDE_IN_FRAMEWORK_HEADER = YES;
				CLANG_WARN_RANGE_LOOP_ANALYSIS = YES;
				CLANG_WARN_STRICT_PROTOTYPES = YES;
				CLANG_WARN_SUSPICIOUS_MOVE = YES;
				CLANG_WARN_UNGUARDED_AVAILABILITY = YES_AGGRESSIVE;
				CLANG_WARN_UNREACHABLE_CODE = YES;
				CLANG_WARN__DUPLICATE_METHOD_MATCH = YES;
				COPY_PHASE_STRIP = NO;
				DEBUG_INFORMATION_FORMAT = dwarf;
				ENABLE_STRICT_OBJC_MSGSEND = YES;
				ENABLE_TESTABILITY = YES;
				GCC_C_LANGUAGE_STANDARD = gnu11;
				GCC_DYNAMIC_NO_PIC = NO;
				GCC_NO_COMMON_BLOCKS = YES;
				GCC_OPTIMIZATION_LEVEL = 0;
				GCC_PREPROCESSOR_DEFINITIONS = (
					"DEBUG=1",
					"$(inherited)",
				);
				GCC_WARN_64_TO_32_BIT_CONVERSION = YES;
				GCC_WARN_ABOUT_RETURN_TYPE = YES_ERROR;
				GCC_WARN_UNDECLARED_SELECTOR = YES;
				GCC_WARN_UNINITIALIZED_AUTOS = YES_AGGRESSIVE;
				GCC_WARN_UNUSED_FUNCTION = YES;
				GCC_WARN_UNUSED_VARIABLE = YES;
				IPHONEOS_DEPLOYMENT_TARGET = 15.4;
				MTL_ENABLE_DEBUG_INFO = INCLUDE_SOURCE;
				MTL_FAST_MATH = YES;
				ONLY_ACTIVE_ARCH = YES;
				SDKROOT = iphoneos;
				SWIFT_ACTIVE_COMPILATION_CONDITIONS = DEBUG;
				SWIFT_OPTIMIZATION_LEVEL = "-Onone";
			};
			name = Debug;
		};
		7010FF1F2836C01B00262B0E /* Release */ = {
			isa = XCBuildConfiguration;
			buildSettings = {
				ALWAYS_SEARCH_USER_PATHS = NO;
				CLANG_ANALYZER_NONNULL = YES;
				CLANG_ANALYZER_NUMBER_OBJECT_CONVERSION = YES_AGGRESSIVE;
				CLANG_CXX_LANGUAGE_STANDARD = "gnu++17";
				CLANG_ENABLE_MODULES = YES;
				CLANG_ENABLE_OBJC_ARC = YES;
				CLANG_ENABLE_OBJC_WEAK = YES;
				CLANG_WARN_BLOCK_CAPTURE_AUTORELEASING = YES;
				CLANG_WARN_BOOL_CONVERSION = YES;
				CLANG_WARN_COMMA = YES;
				CLANG_WARN_CONSTANT_CONVERSION = YES;
				CLANG_WARN_DEPRECATED_OBJC_IMPLEMENTATIONS = YES;
				CLANG_WARN_DIRECT_OBJC_ISA_USAGE = YES_ERROR;
				CLANG_WARN_DOCUMENTATION_COMMENTS = YES;
				CLANG_WARN_EMPTY_BODY = YES;
				CLANG_WARN_ENUM_CONVERSION = YES;
				CLANG_WARN_INFINITE_RECURSION = YES;
				CLANG_WARN_INT_CONVERSION = YES;
				CLANG_WARN_NON_LITERAL_NULL_CONVERSION = YES;
				CLANG_WARN_OBJC_IMPLICIT_RETAIN_SELF = YES;
				CLANG_WARN_OBJC_LITERAL_CONVERSION = YES;
				CLANG_WARN_OBJC_ROOT_CLASS = YES_ERROR;
				CLANG_WARN_QUOTED_INCLUDE_IN_FRAMEWORK_HEADER = YES;
				CLANG_WARN_RANGE_LOOP_ANALYSIS = YES;
				CLANG_WARN_STRICT_PROTOTYPES = YES;
				CLANG_WARN_SUSPICIOUS_MOVE = YES;
				CLANG_WARN_UNGUARDED_AVAILABILITY = YES_AGGRESSIVE;
				CLANG_WARN_UNREACHABLE_CODE = YES;
				CLANG_WARN__DUPLICATE_METHOD_MATCH = YES;
				COPY_PHASE_STRIP = NO;
				DEBUG_INFORMATION_FORMAT = "dwarf-with-dsym";
				ENABLE_NS_ASSERTIONS = NO;
				ENABLE_STRICT_OBJC_MSGSEND = YES;
				GCC_C_LANGUAGE_STANDARD = gnu11;
				GCC_NO_COMMON_BLOCKS = YES;
				GCC_WARN_64_TO_32_BIT_CONVERSION = YES;
				GCC_WARN_ABOUT_RETURN_TYPE = YES_ERROR;
				GCC_WARN_UNDECLARED_SELECTOR = YES;
				GCC_WARN_UNINITIALIZED_AUTOS = YES_AGGRESSIVE;
				GCC_WARN_UNUSED_FUNCTION = YES;
				GCC_WARN_UNUSED_VARIABLE = YES;
				IPHONEOS_DEPLOYMENT_TARGET = 15.4;
				MTL_ENABLE_DEBUG_INFO = NO;
				MTL_FAST_MATH = YES;
				SDKROOT = iphoneos;
				SWIFT_COMPILATION_MODE = wholemodule;
				SWIFT_OPTIMIZATION_LEVEL = "-O";
				VALIDATE_PRODUCT = YES;
			};
			name = Release;
		};
		7010FF212836C01B00262B0E /* Debug */ = {
			isa = XCBuildConfiguration;
			buildSettings = {
				ASSETCATALOG_COMPILER_APPICON_NAME = AppIcon;
				ASSETCATALOG_COMPILER_GLOBAL_ACCENT_COLOR_NAME = AccentColor;
				CODE_SIGN_STYLE = Automatic;
				CURRENT_PROJECT_VERSION = 1;
				GENERATE_INFOPLIST_FILE = YES;
				INFOPLIST_FILE = OrderApp/Info.plist;
				INFOPLIST_KEY_UIApplicationSupportsIndirectInputEvents = YES;
				INFOPLIST_KEY_UILaunchStoryboardName = LaunchScreen;
				INFOPLIST_KEY_UIMainStoryboardFile = Main;
				INFOPLIST_KEY_UISupportedInterfaceOrientations_iPad = "UIInterfaceOrientationPortrait UIInterfaceOrientationPortraitUpsideDown UIInterfaceOrientationLandscapeLeft UIInterfaceOrientationLandscapeRight";
				INFOPLIST_KEY_UISupportedInterfaceOrientations_iPhone = "UIInterfaceOrientationPortrait UIInterfaceOrientationLandscapeLeft UIInterfaceOrientationLandscapeRight";
				LD_RUNPATH_SEARCH_PATHS = (
					"$(inherited)",
					"@executable_path/Frameworks",
				);
				MARKETING_VERSION = 1.0;
				PRODUCT_BUNDLE_IDENTIFIER = com.examplle.OrderApp;
				PRODUCT_NAME = "$(TARGET_NAME)";
				SWIFT_EMIT_LOC_STRINGS = YES;
				SWIFT_VERSION = 5.0;
				TARGETED_DEVICE_FAMILY = "1,2";
			};
			name = Debug;
		};
		7010FF222836C01B00262B0E /* Release */ = {
			isa = XCBuildConfiguration;
			buildSettings = {
				ASSETCATALOG_COMPILER_APPICON_NAME = AppIcon;
				ASSETCATALOG_COMPILER_GLOBAL_ACCENT_COLOR_NAME = AccentColor;
				CODE_SIGN_STYLE = Automatic;
				CURRENT_PROJECT_VERSION = 1;
				GENERATE_INFOPLIST_FILE = YES;
				INFOPLIST_FILE = OrderApp/Info.plist;
				INFOPLIST_KEY_UIApplicationSupportsIndirectInputEvents = YES;
				INFOPLIST_KEY_UILaunchStoryboardName = LaunchScreen;
				INFOPLIST_KEY_UIMainStoryboardFile = Main;
				INFOPLIST_KEY_UISupportedInterfaceOrientations_iPad = "UIInterfaceOrientationPortrait UIInterfaceOrientationPortraitUpsideDown UIInterfaceOrientationLandscapeLeft UIInterfaceOrientationLandscapeRight";
				INFOPLIST_KEY_UISupportedInterfaceOrientations_iPhone = "UIInterfaceOrientationPortrait UIInterfaceOrientationLandscapeLeft UIInterfaceOrientationLandscapeRight";
				LD_RUNPATH_SEARCH_PATHS = (
					"$(inherited)",
					"@executable_path/Frameworks",
				);
				MARKETING_VERSION = 1.0;
				PRODUCT_BUNDLE_IDENTIFIER = com.examplle.OrderApp;
				PRODUCT_NAME = "$(TARGET_NAME)";
				SWIFT_EMIT_LOC_STRINGS = YES;
				SWIFT_VERSION = 5.0;
				TARGETED_DEVICE_FAMILY = "1,2";
			};
			name = Release;
		};
/* End XCBuildConfiguration section */

/* Begin XCConfigurationList section */
		7010FF072836C01600262B0E /* Build configuration list for PBXProject "OrderApp" */ = {
			isa = XCConfigurationList;
			buildConfigurations = (
				7010FF1E2836C01B00262B0E /* Debug */,
				7010FF1F2836C01B00262B0E /* Release */,
			);
			defaultConfigurationIsVisible = 0;
			defaultConfigurationName = Release;
		};
		7010FF202836C01B00262B0E /* Build configuration list for PBXNativeTarget "OrderApp" */ = {
			isa = XCConfigurationList;
			buildConfigurations = (
				7010FF212836C01B00262B0E /* Debug */,
				7010FF222836C01B00262B0E /* Release */,
			);
			defaultConfigurationIsVisible = 0;
			defaultConfigurationName = Release;
		};
/* End XCConfigurationList section */
	};
	rootObject = 7010FF042836C01600262B0E /* Project object */;
}
